
Microsoft Visual Studio Solution File, Format Version 12.00
# Visual Studio Version 16
VisualStudioVersion = 16.0.29806.167
MinimumVisualStudioVersion = 10.0.40219.1
Project("{FAE04EC0-301F-11D3-BF4B-00C04F79EFBC}") = "AireSpring", "AireSpring\AireSpring.csproj", "{60EBD7D5-2809-4E66-8B9B-FFA2AC71AFE2}"
EndProject
Global
	GlobalSection(SolutionConfigurationPlatforms) = preSolution
		Debug|Any CPU = Debug|Any CPU
		Release|Any CPU = Release|Any CPU
	EndGlobalSection
	GlobalSection(ProjectConfigurationPlatforms) = postSolution
		{60EBD7D5-2809-4E66-8B9B-FFA2AC71AFE2}.Debug|Any CPU.ActiveCfg = Debug|Any CPU
		{60EBD7D5-2809-4E66-8B9B-FFA2AC71AFE2}.Debug|Any CPU.Build.0 = Debug|Any CPU
		{60EBD7D5-2809-4E66-8B9B-FFA2AC71AFE2}.Release|Any CPU.ActiveCfg = Release|Any CPU
		{60EBD7D5-2809-4E66-8B9B-FFA2AC71AFE2}.Release|Any CPU.Build.0 = Release|Any CPU
	EndGlobalSection
	GlobalSection(SolutionProperties) = preSolution
		HideSolutionNode = FALSE
	EndGlobalSection
	GlobalSection(ExtensibilityGlobals) = postSolution
		SolutionGuid = {51A26F27-B0E3-4DB1-8DCA-9783A3EC5992}
	EndGlobalSection
EndGlobal
